dependencies:
  espressif/eigen:
    component_hash: 64a82d75ea6b7cb9240398ce0b6616e905d71b83a734b2cf9cb58ad09dd4f5ea
    dependencies:
    - name: idf
      require: private
      version: '>=4.3.0'
    source:
      registry_url: https://components.espressif.com/
      type: service
    version: 3.4.0~2
  espressif/esp-idf-cxx:
    component_hash: 2fa63e4e725f0c2d3dd6d99da8a91d404b4b49667088b1be0f336eb9c13ff17f
    dependencies:
    - name: idf
      require: private
      version: '>=5.0'
    source:
      registry_url: https://components.espressif.com/
      type: service
    version: 1.0.2-beta
  idf:
    source:
      type: idf
    version: 5.5.0
  plasmapper/pl_common:
    component_hash: bc77bf671462e34ba957e32182ed8f77c8eca31edf125cfc57a19d7b74de1db0
    dependencies:
    - name: idf
      require: private
      version: ^5.0
    source:
      registry_url: https://components.espressif.com
      type: service
    version: 1.2.2
  plasmapper/pl_nvs:
    component_hash: 2b6a231b7f5fc94653b32f60c9ecbe91519dce51c6bd1e8ad91fe4d5d3196f2d
    dependencies:
    - name: idf
      require: private
      version: ^5.0
    - name: plasmapper/pl_common
      registry_url: https://components.espressif.com
      require: private
      version: ^1.0.0
    source:
      registry_url: https://components.espressif.com/
      type: service
    version: 1.0.0
direct_dependencies:
- espressif/eigen
- espressif/esp-idf-cxx
- idf
- plasmapper/pl_nvs
manifest_hash: c5de1c49ff5c43fec98fe3bc6b1bc1a3e599db6e81e1e596bb95c945f5477572
target: esp32c3
version: 2.0.0
